
Microsoft Visual Studio Solution File, Format Version 12.00
# Visual Studio Version 16
VisualStudioVersion = 16.0.31005.135
MinimumVisualStudioVersion = 10.0.40219.1
Project("{FAE04EC0-301F-11D3-BF4B-00C04F79EFBC}") = "ShapesHomework", "ShapesHomework\ShapesHomework.csproj", "{B6D78DCF-0AF7-48E0-97B2-219290D2EC17}"
EndProject
Global
	GlobalSection(SolutionConfigurationPlatforms) = preSolution
		Debug|Any CPU = Debug|Any CPU
		Release|Any CPU = Release|Any CPU
	EndGlobalSection
	GlobalSection(ProjectConfigurationPlatforms) = postSolution
		{B6D78DCF-0AF7-48E0-97B2-219290D2EC17}.Debug|Any CPU.ActiveCfg = Debug|Any CPU
		{B6D78DCF-0AF7-48E0-97B2-219290D2EC17}.Debug|Any CPU.Build.0 = Debug|Any CPU
		{B6D78DCF-0AF7-48E0-97B2-219290D2EC17}.Release|Any CPU.ActiveCfg = Release|Any CPU
		{B6D78DCF-0AF7-48E0-97B2-219290D2EC17}.Release|Any CPU.Build.0 = Release|Any CPU
	EndGlobalSection
	GlobalSection(SolutionProperties) = preSolution
		HideSolutionNode = FALSE
	EndGlobalSection
	GlobalSection(ExtensibilityGlobals) = postSolution
		SolutionGuid = {E1250655-6067-4EC8-9DD8-0173087B9B73}
	EndGlobalSection
EndGlobal
